
Microsoft Visual Studio Solution File, Format Version 12.00
# Visual Studio Version 16
VisualStudioVersion = 25.0.1705.0
MinimumVisualStudioVersion = 10.0.40219.1
Project("{FAE04EC0-301F-11D3-BF4B-00C04F79EFBC}") = "BlazorComponentTest", "BlazorComponentTest\BlazorComponentTest.csproj", "{F772D67B-82DD-42E9-824C-F21496949526}"
EndProject
Global
	GlobalSection(SolutionConfigurationPlatforms) = preSolution
		Debug|Any CPU = Debug|Any CPU
		Release|Any CPU = Release|Any CPU
	EndGlobalSection
	GlobalSection(ProjectConfigurationPlatforms) = postSolution
		{F772D67B-82DD-42E9-824C-F21496949526}.Debug|Any CPU.ActiveCfg = Debug|Any CPU
		{F772D67B-82DD-42E9-824C-F21496949526}.Debug|Any CPU.Build.0 = Debug|Any CPU
		{F772D67B-82DD-42E9-824C-F21496949526}.Release|Any CPU.ActiveCfg = Release|Any CPU
		{F772D67B-82DD-42E9-824C-F21496949526}.Release|Any CPU.Build.0 = Release|Any CPU
	EndGlobalSection
	GlobalSection(SolutionProperties) = preSolution
		HideSolutionNode = FALSE
	EndGlobalSection
	GlobalSection(ExtensibilityGlobals) = postSolution
		SolutionGuid = {34513C25-66EB-4690-926D-27413523A8EA}
	EndGlobalSection
EndGlobal
